
Microsoft Visual Studio Solution File, Format Version 12.00
# Visual Studio 15
VisualStudioVersion = 15.0.27703.2042
MinimumVisualStudioVersion = 10.0.40219.1
Project("{FAE04EC0-301F-11D3-BF4B-00C04F79EFBC}") = "Kill_1", "Kill_1\Kill_1.csproj", "{93C5FA47-22EF-4462-87D1-41B10B07125B}"
EndProject
Global
	GlobalSection(SolutionConfigurationPlatforms) = preSolution
		Debug|Any CPU = Debug|Any CPU
		Release|Any CPU = Release|Any CPU
	EndGlobalSection
	GlobalSection(ProjectConfigurationPlatforms) = postSolution
		{93C5FA47-22EF-4462-87D1-41B10B07125B}.Debug|Any CPU.ActiveCfg = Debug|Any CPU
		{93C5FA47-22EF-4462-87D1-41B10B07125B}.Debug|Any CPU.Build.0 = Debug|Any CPU
		{93C5FA47-22EF-4462-87D1-41B10B07125B}.Release|Any CPU.ActiveCfg = Release|Any CPU
		{93C5FA47-22EF-4462-87D1-41B10B07125B}.Release|Any CPU.Build.0 = Release|Any CPU
	EndGlobalSection
	GlobalSection(SolutionProperties) = preSolution
		HideSolutionNode = FALSE
	EndGlobalSection
	GlobalSection(ExtensibilityGlobals) = postSolution
		SolutionGuid = {5678AAED-698F-4A3D-A917-529E4F851319}
	EndGlobalSection
EndGlobal
